
Microsoft Visual Studio Solution File, Format Version 12.00
# Visual Studio 15
VisualStudioVersion = 15.0.27004.2006
MinimumVisualStudioVersion = 10.0.40219.1
Project("{9A19103F-16F7-4668-BE54-9A1E7A4F7556}") = "Api", "Api\Api\Api.csproj", "{90FC4034-2884-4DC7-8271-E4CB61824E66}"
EndProject
Project("{9A19103F-16F7-4668-BE54-9A1E7A4F7556}") = "ApiTestProj", "Api\ApiTestProj\ApiTestProj.csproj", "{4A1C6EDE-0019-40AA-BF4E-F6591E0F8644}"
EndProject
Project("{FAE04EC0-301F-11D3-BF4B-00C04F79EFBC}") = "Core", "Core\Core.csproj", "{8E54C7A2-C660-4FF7-ADA8-E83C014153D0}"
EndProject
Global
	GlobalSection(SolutionConfigurationPlatforms) = preSolution
		Debug|Any CPU = Debug|Any CPU
		Release|Any CPU = Release|Any CPU
	EndGlobalSection
	GlobalSection(ProjectConfigurationPlatforms) = postSolution
		{90FC4034-2884-4DC7-8271-E4CB61824E66}.Debug|Any CPU.ActiveCfg = Debug|Any CPU
		{90FC4034-2884-4DC7-8271-E4CB61824E66}.Debug|Any CPU.Build.0 = Debug|Any CPU
		{90FC4034-2884-4DC7-8271-E4CB61824E66}.Release|Any CPU.ActiveCfg = Release|Any CPU
		{90FC4034-2884-4DC7-8271-E4CB61824E66}.Release|Any CPU.Build.0 = Release|Any CPU
		{4A1C6EDE-0019-40AA-BF4E-F6591E0F8644}.Debug|Any CPU.ActiveCfg = Debug|Any CPU
		{4A1C6EDE-0019-40AA-BF4E-F6591E0F8644}.Debug|Any CPU.Build.0 = Debug|Any CPU
		{4A1C6EDE-0019-40AA-BF4E-F6591E0F8644}.Release|Any CPU.ActiveCfg = Release|Any CPU
		{4A1C6EDE-0019-40AA-BF4E-F6591E0F8644}.Release|Any CPU.Build.0 = Release|Any CPU
		{8E54C7A2-C660-4FF7-ADA8-E83C014153D0}.Debug|Any CPU.ActiveCfg = Debug|Any CPU
		{8E54C7A2-C660-4FF7-ADA8-E83C014153D0}.Debug|Any CPU.Build.0 = Debug|Any CPU
		{8E54C7A2-C660-4FF7-ADA8-E83C014153D0}.Release|Any CPU.ActiveCfg = Release|Any CPU
		{8E54C7A2-C660-4FF7-ADA8-E83C014153D0}.Release|Any CPU.Build.0 = Release|Any CPU
	EndGlobalSection
	GlobalSection(SolutionProperties) = preSolution
		HideSolutionNode = FALSE
	EndGlobalSection
	GlobalSection(ExtensibilityGlobals) = postSolution
		SolutionGuid = {F1306E97-1274-408A-923C-2B5B07B5C538}
	EndGlobalSection
EndGlobal
